
Microsoft Visual Studio Solution File, Format Version 12.00
# Visual Studio Version 18
VisualStudioVersion = 18.4.11626.88 stable
MinimumVisualStudioVersion = 10.0.40219.1
Project("{FAE04EC0-301F-11D3-BF4B-00C04F79EFBC}") = "Blazor", "Blazor\Blazor.csproj", "{D728D240-56BC-4B68-BE92-ECDF10663D55}"
EndProject
Project("{FAE04EC0-301F-11D3-BF4B-00C04F79EFBC}") = "TODOList", "TODOList\TODOList.csproj", "{30A853DC-EE56-4AFA-A650-3FE2C409FB13}"
EndProject
Project("{FAE04EC0-301F-11D3-BF4B-00C04F79EFBC}") = "Numerics", "Numerics\Numerics.csproj", "{9F136683-437F-4258-A379-BD32A3946A4F}"
EndProject
Project("{FAE04EC0-301F-11D3-BF4B-00C04F79EFBC}") = "Movies", "Movies\Movies.csproj", "{EA0B2273-A28D-41EE-8989-05DD2C5427E8}"
EndProject
Project("{FAE04EC0-301F-11D3-BF4B-00C04F79EFBC}") = "BlazorAcademyHW", "BlazorAcademyHW\BlazorAcademyHW.csproj", "{60FD753B-9B47-4773-8651-50D266BE89A6}"
EndProject
Global
	GlobalSection(SolutionConfigurationPlatforms) = preSolution
		Debug|Any CPU = Debug|Any CPU
		Release|Any CPU = Release|Any CPU
	EndGlobalSection
	GlobalSection(ProjectConfigurationPlatforms) = postSolution
		{D728D240-56BC-4B68-BE92-ECDF10663D55}.Debug|Any CPU.ActiveCfg = Debug|Any CPU
		{D728D240-56BC-4B68-BE92-ECDF10663D55}.Debug|Any CPU.Build.0 = Debug|Any CPU
		{D728D240-56BC-4B68-BE92-ECDF10663D55}.Release|Any CPU.ActiveCfg = Release|Any CPU
		{D728D240-56BC-4B68-BE92-ECDF10663D55}.Release|Any CPU.Build.0 = Release|Any CPU
		{30A853DC-EE56-4AFA-A650-3FE2C409FB13}.Debug|Any CPU.ActiveCfg = Debug|Any CPU
		{30A853DC-EE56-4AFA-A650-3FE2C409FB13}.Debug|Any CPU.Build.0 = Debug|Any CPU
		{30A853DC-EE56-4AFA-A650-3FE2C409FB13}.Release|Any CPU.ActiveCfg = Release|Any CPU
		{30A853DC-EE56-4AFA-A650-3FE2C409FB13}.Release|Any CPU.Build.0 = Release|Any CPU
		{9F136683-437F-4258-A379-BD32A3946A4F}.Debug|Any CPU.ActiveCfg = Debug|Any CPU
		{9F136683-437F-4258-A379-BD32A3946A4F}.Debug|Any CPU.Build.0 = Debug|Any CPU
		{9F136683-437F-4258-A379-BD32A3946A4F}.Release|Any CPU.ActiveCfg = Release|Any CPU
		{9F136683-437F-4258-A379-BD32A3946A4F}.Release|Any CPU.Build.0 = Release|Any CPU
		{EA0B2273-A28D-41EE-8989-05DD2C5427E8}.Debug|Any CPU.ActiveCfg = Debug|Any CPU
		{EA0B2273-A28D-41EE-8989-05DD2C5427E8}.Debug|Any CPU.Build.0 = Debug|Any CPU
		{EA0B2273-A28D-41EE-8989-05DD2C5427E8}.Release|Any CPU.ActiveCfg = Release|Any CPU
		{EA0B2273-A28D-41EE-8989-05DD2C5427E8}.Release|Any CPU.Build.0 = Release|Any CPU
		{60FD753B-9B47-4773-8651-50D266BE89A6}.Debug|Any CPU.ActiveCfg = Debug|Any CPU
		{60FD753B-9B47-4773-8651-50D266BE89A6}.Debug|Any CPU.Build.0 = Debug|Any CPU
		{60FD753B-9B47-4773-8651-50D266BE89A6}.Release|Any CPU.ActiveCfg = Release|Any CPU
		{60FD753B-9B47-4773-8651-50D266BE89A6}.Release|Any CPU.Build.0 = Release|Any CPU
	EndGlobalSection
	GlobalSection(SolutionProperties) = preSolution
		HideSolutionNode = FALSE
	EndGlobalSection
	GlobalSection(ExtensibilityGlobals) = postSolution
		SolutionGuid = {1F66E37E-1A55-4466-A6EC-16AEC6BA1879}
	EndGlobalSection
EndGlobal
